<Solution>
  <Folder Name="/src/">
    <Project Path="src/Daf.Manga.Application/Daf.Manga.Application.csproj" />
    <Project Path="src/Daf.Manga.Domain/Daf.Manga.Domain.csproj" />
  </Folder>
  <Folder Name="/test/">
    <Project Path="test/Daf.Manga.Test.Domain/Daf.Manga.Test.Domain.csproj" />
    <Project Path="test\Daf.Manga.Application.Tests\Daf.Manga.Application.Tests.csproj" Type="Classic C#" />
  </Folder>
</Solution>